
Microsoft Visual Studio Solution File, Format Version 12.00
# Visual Studio Version 16
VisualStudioVersion = 16.0.28803.452
MinimumVisualStudioVersion = 10.0.40219.1
Project("{FAE04EC0-301F-11D3-BF4B-00C04F79EFBC}") = "BitsBolts", "BitsBolts.csproj", "{76ACD8BD-EB9D-4852-818D-370ECDBFECDC}"
EndProject
Global
	GlobalSection(SolutionConfigurationPlatforms) = preSolution
		Debug|Any CPU = Debug|Any CPU
		Release|Any CPU = Release|Any CPU
	EndGlobalSection
	GlobalSection(ProjectConfigurationPlatforms) = postSolution
		{76ACD8BD-EB9D-4852-818D-370ECDBFECDC}.Debug|Any CPU.ActiveCfg = Debug|Any CPU
		{76ACD8BD-EB9D-4852-818D-370ECDBFECDC}.Debug|Any CPU.Build.0 = Debug|Any CPU
		{76ACD8BD-EB9D-4852-818D-370ECDBFECDC}.Release|Any CPU.ActiveCfg = Release|Any CPU
		{76ACD8BD-EB9D-4852-818D-370ECDBFECDC}.Release|Any CPU.Build.0 = Release|Any CPU
	EndGlobalSection
	GlobalSection(SolutionProperties) = preSolution
		HideSolutionNode = FALSE
	EndGlobalSection
	GlobalSection(ExtensibilityGlobals) = postSolution
		SolutionGuid = {A394E4DA-26FF-40E7-B6CA-722EB51539AB}
	EndGlobalSection
EndGlobal
